
Microsoft Visual Studio Solution File, Format Version 12.00
# Visual Studio Version 17
VisualStudioVersion = 17.2.32519.379
MinimumVisualStudioVersion = 10.0.40219.1
Project("{9A19103F-16F7-4668-BE54-9A1E7A4F7556}") = "Lonely Integer", "Lonely Integer\Lonely Integer.csproj", "{ACC20F41-0E3B-4401-A3A1-9D75EE346E52}"
EndProject
Project("{9A19103F-16F7-4668-BE54-9A1E7A4F7556}") = "Counting Sort 1", "Counting Sort 1\Counting Sort 1.csproj", "{49A675BF-7657-4223-AF7B-4D4DF3CBB321}"
EndProject
Project("{FAE04EC0-301F-11D3-BF4B-00C04F79EFBC}") = "Diagonal Difference", "Diagonal Difference\Diagonal Difference.csproj", "{BC38C5CB-B74E-4473-B6D5-EB6AAD07B824}"
EndProject
Global
	GlobalSection(SolutionConfigurationPlatforms) = preSolution
		Debug|Any CPU = Debug|Any CPU
		Release|Any CPU = Release|Any CPU
	EndGlobalSection
	GlobalSection(ProjectConfigurationPlatforms) = postSolution
		{ACC20F41-0E3B-4401-A3A1-9D75EE346E52}.Debug|Any CPU.ActiveCfg = Debug|Any CPU
		{ACC20F41-0E3B-4401-A3A1-9D75EE346E52}.Debug|Any CPU.Build.0 = Debug|Any CPU
		{ACC20F41-0E3B-4401-A3A1-9D75EE346E52}.Release|Any CPU.ActiveCfg = Release|Any CPU
		{ACC20F41-0E3B-4401-A3A1-9D75EE346E52}.Release|Any CPU.Build.0 = Release|Any CPU
		{49A675BF-7657-4223-AF7B-4D4DF3CBB321}.Debug|Any CPU.ActiveCfg = Debug|Any CPU
		{49A675BF-7657-4223-AF7B-4D4DF3CBB321}.Debug|Any CPU.Build.0 = Debug|Any CPU
		{49A675BF-7657-4223-AF7B-4D4DF3CBB321}.Release|Any CPU.ActiveCfg = Release|Any CPU
		{49A675BF-7657-4223-AF7B-4D4DF3CBB321}.Release|Any CPU.Build.0 = Release|Any CPU
		{BC38C5CB-B74E-4473-B6D5-EB6AAD07B824}.Debug|Any CPU.ActiveCfg = Debug|Any CPU
		{BC38C5CB-B74E-4473-B6D5-EB6AAD07B824}.Debug|Any CPU.Build.0 = Debug|Any CPU
		{BC38C5CB-B74E-4473-B6D5-EB6AAD07B824}.Release|Any CPU.ActiveCfg = Release|Any CPU
		{BC38C5CB-B74E-4473-B6D5-EB6AAD07B824}.Release|Any CPU.Build.0 = Release|Any CPU
	EndGlobalSection
	GlobalSection(SolutionProperties) = preSolution
		HideSolutionNode = FALSE
	EndGlobalSection
	GlobalSection(ExtensibilityGlobals) = postSolution
		SolutionGuid = {964AC9B6-BC7B-46E0-9E65-EA0254F3DED4}
	EndGlobalSection
EndGlobal
